
Microsoft Visual Studio Solution File, Format Version 12.00
Project("{FAE04EC0-301F-11D3-BF4B-00C04F79EFBC}") = "KaedePhi.Core", "KaedePhi.Core\KaedePhi.Core.csproj", "{832E0B60-8DCC-4E10-A090-32B7258829C4}"
EndProject
Project("{FAE04EC0-301F-11D3-BF4B-00C04F79EFBC}") = "KaedePhi.Tool", "KaedePhi.Tool\KaedePhi.Tool.csproj", "{65D83983-76C2-4F64-95BE-FE04E0BCA8B4}"
EndProject
Project("{FAE04EC0-301F-11D3-BF4B-00C04F79EFBC}") = "KaedePhi.Tool.Localization", "KaedePhi.Tool.Localization\KaedePhi.Tool.Localization.csproj", "{E68B6C62-910B-4321-8994-2E04F5939C50}"
EndProject
Project("{FAE04EC0-301F-11D3-BF4B-00C04F79EFBC}") = "KaedePhi.Tests", "KaedePhi.Tests\KaedePhi.Tests.csproj", "{A1B2C3D4-E5F6-7890-ABCD-EF1234567890}"
EndProject
Project("{FAE04EC0-301F-11D3-BF4B-00C04F79EFBC}") = "KaedePhi.Core.Extensions", "KaedePhi.Core.Extensions\KaedePhi.Core.Extensions.csproj", "{FC3F1BB0-3AD3-47C1-8ACA-D44DC0338A93}"
EndProject
Project("{FAE04EC0-301F-11D3-BF4B-00C04F79EFBC}") = "KaedePhi.Tool.App", "KaedePhi.Tool.App\KaedePhi.Tool.App.csproj", "{265079BF-8D5E-4D60-9170-A36D07A35744}"
EndProject
Project("{FAE04EC0-301F-11D3-BF4B-00C04F79EFBC}") = "KaedePhi.Tool.App.Generators", "KaedePhi.Tool.App.Generators\KaedePhi.Tool.App.Generators.csproj", "{03BAD8BC-5F24-4CD9-AA6F-F922B2B14AA8}"
EndProject
Project("{FAE04EC0-301F-11D3-BF4B-00C04F79EFBC}") = "KaedePhi.Tool.Analyzers", "KaedePhi.Tool.Analyzers\KaedePhi.Tool.Analyzers.csproj", "{D4E5F6A7-B8C9-0D1E-F2A3-B4C5D6E7F8A9}"
EndProject
Project("{FAE04EC0-301F-11D3-BF4B-00C04F79EFBC}") = "KaedePhi.Core.Analyzers", "KaedePhi.Core.Analyzers\KaedePhi.Core.Analyzers\KaedePhi.Core.Analyzers.csproj", "{F3277B67-7F88-4FBB-BFAF-E2051554C381}"
EndProject
Project("{FAE04EC0-301F-11D3-BF4B-00C04F79EFBC}") = "KaedePhi.Core.Analyzers.Tests", "KaedePhi.Core.Analyzers\KaedePhi.Core.Analyzers.Tests\KaedePhi.Core.Analyzers.Tests.csproj", "{727DFE74-8391-42B7-A17D-F65733E69040}"
EndProject
Project("{FAE04EC0-301F-11D3-BF4B-00C04F79EFBC}") = "KaedePhi.Tool.Analyzers.Tests", "KaedePhi.Tool.Analyzers.Tests\KaedePhi.Tool.Analyzers.Tests.csproj", "{8A1B2C3D-4E5F-6071-8293-A4B5C6D7E8F9}"
EndProject
Global
	GlobalSection(SolutionConfigurationPlatforms) = preSolution
		Debug|x64 = Debug|x64
		Debug|Any CPU = Debug|Any CPU
		Debug|x86 = Debug|x86
		Release|x64 = Release|x64
		Release|Any CPU = Release|Any CPU
		Release|x86 = Release|x86
		PreRelease|x64 = PreRelease|x64
		PreRelease|Any CPU = PreRelease|Any CPU
		PreRelease|x86 = PreRelease|x86
	EndGlobalSection
	GlobalSection(ProjectConfigurationPlatforms) = postSolution
		{832E0B60-8DCC-4E10-A090-32B7258829C4}.Debug|x64.ActiveCfg = Debug|x64
		{832E0B60-8DCC-4E10-A090-32B7258829C4}.Debug|x64.Build.0 = Debug|x64
		{832E0B60-8DCC-4E10-A090-32B7258829C4}.Debug|Any CPU.ActiveCfg = Debug|Any CPU
		{832E0B60-8DCC-4E10-A090-32B7258829C4}.Debug|Any CPU.Build.0 = Debug|Any CPU
		{832E0B60-8DCC-4E10-A090-32B7258829C4}.Debug|x86.ActiveCfg = Debug|Any CPU
		{832E0B60-8DCC-4E10-A090-32B7258829C4}.Debug|x86.Build.0 = Debug|Any CPU
		{832E0B60-8DCC-4E10-A090-32B7258829C4}.Release|x64.ActiveCfg = Release|x64
		{832E0B60-8DCC-4E10-A090-32B7258829C4}.Release|x64.Build.0 = Release|x64
		{832E0B60-8DCC-4E10-A090-32B7258829C4}.Release|Any CPU.ActiveCfg = Release|Any CPU
		{832E0B60-8DCC-4E10-A090-32B7258829C4}.Release|Any CPU.Build.0 = Release|Any CPU
		{832E0B60-8DCC-4E10-A090-32B7258829C4}.Release|x86.ActiveCfg = Release|Any CPU
		{832E0B60-8DCC-4E10-A090-32B7258829C4}.Release|x86.Build.0 = Release|Any CPU
		{832E0B60-8DCC-4E10-A090-32B7258829C4}.PreRelease|x64.ActiveCfg = PreRelease|x64
		{832E0B60-8DCC-4E10-A090-32B7258829C4}.PreRelease|x64.Build.0 = PreRelease|x64
		{832E0B60-8DCC-4E10-A090-32B7258829C4}.PreRelease|Any CPU.ActiveCfg = PreRelease|Any CPU
		{832E0B60-8DCC-4E10-A090-32B7258829C4}.PreRelease|Any CPU.Build.0 = PreRelease|Any CPU
		{832E0B60-8DCC-4E10-A090-32B7258829C4}.PreRelease|x86.ActiveCfg = PreRelease|Any CPU
		{832E0B60-8DCC-4E10-A090-32B7258829C4}.PreRelease|x86.Build.0 = PreRelease|Any CPU
		{65D83983-76C2-4F64-95BE-FE04E0BCA8B4}.Debug|x64.ActiveCfg = Debug|x64
		{65D83983-76C2-4F64-95BE-FE04E0BCA8B4}.Debug|x64.Build.0 = Debug|x64
		{65D83983-76C2-4F64-95BE-FE04E0BCA8B4}.Debug|Any CPU.ActiveCfg = Debug|Any CPU
		{65D83983-76C2-4F64-95BE-FE04E0BCA8B4}.Debug|Any CPU.Build.0 = Debug|Any CPU
		{65D83983-76C2-4F64-95BE-FE04E0BCA8B4}.Debug|x86.ActiveCfg = Debug|Any CPU
		{65D83983-76C2-4F64-95BE-FE04E0BCA8B4}.Debug|x86.Build.0 = Debug|Any CPU
		{65D83983-76C2-4F64-95BE-FE04E0BCA8B4}.Release|x64.ActiveCfg = Release|x64
		{65D83983-76C2-4F64-95BE-FE04E0BCA8B4}.Release|x64.Build.0 = Release|x64
		{65D83983-76C2-4F64-95BE-FE04E0BCA8B4}.Release|Any CPU.ActiveCfg = Release|Any CPU
		{65D83983-76C2-4F64-95BE-FE04E0BCA8B4}.Release|Any CPU.Build.0 = Release|Any CPU
		{65D83983-76C2-4F64-95BE-FE04E0BCA8B4}.Release|x86.ActiveCfg = Release|Any CPU
		{65D83983-76C2-4F64-95BE-FE04E0BCA8B4}.Release|x86.Build.0 = Release|Any CPU
		{65D83983-76C2-4F64-95BE-FE04E0BCA8B4}.PreRelease|x64.ActiveCfg = PreRelease|x64
		{65D83983-76C2-4F64-95BE-FE04E0BCA8B4}.PreRelease|x64.Build.0 = PreRelease|x64
		{65D83983-76C2-4F64-95BE-FE04E0BCA8B4}.PreRelease|Any CPU.ActiveCfg = PreRelease|Any CPU
		{65D83983-76C2-4F64-95BE-FE04E0BCA8B4}.PreRelease|Any CPU.Build.0 = PreRelease|Any CPU
		{65D83983-76C2-4F64-95BE-FE04E0BCA8B4}.PreRelease|x86.ActiveCfg = PreRelease|Any CPU
		{65D83983-76C2-4F64-95BE-FE04E0BCA8B4}.PreRelease|x86.Build.0 = PreRelease|Any CPU
		{E68B6C62-910B-4321-8994-2E04F5939C50}.Debug|x64.ActiveCfg = Debug|x64
		{E68B6C62-910B-4321-8994-2E04F5939C50}.Debug|x64.Build.0 = Debug|x64
		{E68B6C62-910B-4321-8994-2E04F5939C50}.Debug|Any CPU.ActiveCfg = Debug|Any CPU
		{E68B6C62-910B-4321-8994-2E04F5939C50}.Debug|Any CPU.Build.0 = Debug|Any CPU
		{E68B6C62-910B-4321-8994-2E04F5939C50}.Debug|x86.ActiveCfg = Debug|Any CPU
		{E68B6C62-910B-4321-8994-2E04F5939C50}.Debug|x86.Build.0 = Debug|Any CPU
		{E68B6C62-910B-4321-8994-2E04F5939C50}.Release|x64.ActiveCfg = Release|x64
		{E68B6C62-910B-4321-8994-2E04F5939C50}.Release|x64.Build.0 = Release|x64
		{E68B6C62-910B-4321-8994-2E04F5939C50}.Release|Any CPU.ActiveCfg = Release|Any CPU
		{E68B6C62-910B-4321-8994-2E04F5939C50}.Release|Any CPU.Build.0 = Release|Any CPU
		{E68B6C62-910B-4321-8994-2E04F5939C50}.Release|x86.ActiveCfg = Release|Any CPU
		{E68B6C62-910B-4321-8994-2E04F5939C50}.Release|x86.Build.0 = Release|Any CPU
		{E68B6C62-910B-4321-8994-2E04F5939C50}.PreRelease|x64.ActiveCfg = PreRelease|x64
		{E68B6C62-910B-4321-8994-2E04F5939C50}.PreRelease|x64.Build.0 = PreRelease|x64
		{E68B6C62-910B-4321-8994-2E04F5939C50}.PreRelease|Any CPU.ActiveCfg = PreRelease|Any CPU
		{E68B6C62-910B-4321-8994-2E04F5939C50}.PreRelease|Any CPU.Build.0 = PreRelease|Any CPU
		{E68B6C62-910B-4321-8994-2E04F5939C50}.PreRelease|x86.ActiveCfg = PreRelease|Any CPU
		{E68B6C62-910B-4321-8994-2E04F5939C50}.PreRelease|x86.Build.0 = PreRelease|Any CPU
		{A1B2C3D4-E5F6-7890-ABCD-EF1234567890}.Debug|x64.ActiveCfg = Debug|x64
		{A1B2C3D4-E5F6-7890-ABCD-EF1234567890}.Debug|x64.Build.0 = Debug|x64
		{A1B2C3D4-E5F6-7890-ABCD-EF1234567890}.Debug|Any CPU.ActiveCfg = Debug|Any CPU
		{A1B2C3D4-E5F6-7890-ABCD-EF1234567890}.Debug|Any CPU.Build.0 = Debug|Any CPU
		{A1B2C3D4-E5F6-7890-ABCD-EF1234567890}.Debug|x86.ActiveCfg = Debug|Any CPU
		{A1B2C3D4-E5F6-7890-ABCD-EF1234567890}.Debug|x86.Build.0 = Debug|Any CPU
		{A1B2C3D4-E5F6-7890-ABCD-EF1234567890}.Release|x64.ActiveCfg = Release|x64
		{A1B2C3D4-E5F6-7890-ABCD-EF1234567890}.Release|x64.Build.0 = Release|x64
		{A1B2C3D4-E5F6-7890-ABCD-EF1234567890}.Release|Any CPU.ActiveCfg = Release|Any CPU
		{A1B2C3D4-E5F6-7890-ABCD-EF1234567890}.Release|Any CPU.Build.0 = Release|Any CPU
		{A1B2C3D4-E5F6-7890-ABCD-EF1234567890}.Release|x86.ActiveCfg = Release|Any CPU
		{A1B2C3D4-E5F6-7890-ABCD-EF1234567890}.Release|x86.Build.0 = Release|Any CPU
		{A1B2C3D4-E5F6-7890-ABCD-EF1234567890}.PreRelease|x64.ActiveCfg = Release|x64
		{A1B2C3D4-E5F6-7890-ABCD-EF1234567890}.PreRelease|x64.Build.0 = Release|x64
		{A1B2C3D4-E5F6-7890-ABCD-EF1234567890}.PreRelease|Any CPU.ActiveCfg = Release|Any CPU
		{A1B2C3D4-E5F6-7890-ABCD-EF1234567890}.PreRelease|Any CPU.Build.0 = Release|Any CPU
		{A1B2C3D4-E5F6-7890-ABCD-EF1234567890}.PreRelease|x86.ActiveCfg = Release|Any CPU
		{A1B2C3D4-E5F6-7890-ABCD-EF1234567890}.PreRelease|x86.Build.0 = Release|Any CPU
		{FC3F1BB0-3AD3-47C1-8ACA-D44DC0338A93}.Debug|x64.ActiveCfg = Debug|Any CPU
		{FC3F1BB0-3AD3-47C1-8ACA-D44DC0338A93}.Debug|x64.Build.0 = Debug|Any CPU
		{FC3F1BB0-3AD3-47C1-8ACA-D44DC0338A93}.Debug|Any CPU.ActiveCfg = Debug|Any CPU
		{FC3F1BB0-3AD3-47C1-8ACA-D44DC0338A93}.Debug|Any CPU.Build.0 = Debug|Any CPU
		{FC3F1BB0-3AD3-47C1-8ACA-D44DC0338A93}.Debug|x86.ActiveCfg = Debug|Any CPU
		{FC3F1BB0-3AD3-47C1-8ACA-D44DC0338A93}.Debug|x86.Build.0 = Debug|Any CPU
		{FC3F1BB0-3AD3-47C1-8ACA-D44DC0338A93}.Release|x64.ActiveCfg = Release|Any CPU
		{FC3F1BB0-3AD3-47C1-8ACA-D44DC0338A93}.Release|x64.Build.0 = Release|Any CPU
		{FC3F1BB0-3AD3-47C1-8ACA-D44DC0338A93}.Release|Any CPU.ActiveCfg = Release|Any CPU
		{FC3F1BB0-3AD3-47C1-8ACA-D44DC0338A93}.Release|Any CPU.Build.0 = Release|Any CPU
		{FC3F1BB0-3AD3-47C1-8ACA-D44DC0338A93}.Release|x86.ActiveCfg = Release|Any CPU
		{FC3F1BB0-3AD3-47C1-8ACA-D44DC0338A93}.Release|x86.Build.0 = Release|Any CPU
		{FC3F1BB0-3AD3-47C1-8ACA-D44DC0338A93}.PreRelease|x64.ActiveCfg = Debug|Any CPU
		{FC3F1BB0-3AD3-47C1-8ACA-D44DC0338A93}.PreRelease|x64.Build.0 = Debug|Any CPU
		{FC3F1BB0-3AD3-47C1-8ACA-D44DC0338A93}.PreRelease|Any CPU.ActiveCfg = PreRelease|Any CPU
		{FC3F1BB0-3AD3-47C1-8ACA-D44DC0338A93}.PreRelease|Any CPU.Build.0 = PreRelease|Any CPU
		{FC3F1BB0-3AD3-47C1-8ACA-D44DC0338A93}.PreRelease|x86.ActiveCfg = PreRelease|Any CPU
		{FC3F1BB0-3AD3-47C1-8ACA-D44DC0338A93}.PreRelease|x86.Build.0 = PreRelease|Any CPU
		{265079BF-8D5E-4D60-9170-A36D07A35744}.Debug|x64.ActiveCfg = Debug|Any CPU
		{265079BF-8D5E-4D60-9170-A36D07A35744}.Debug|x64.Build.0 = Debug|Any CPU
		{265079BF-8D5E-4D60-9170-A36D07A35744}.Debug|Any CPU.ActiveCfg = Debug|Any CPU
		{265079BF-8D5E-4D60-9170-A36D07A35744}.Debug|Any CPU.Build.0 = Debug|Any CPU
		{265079BF-8D5E-4D60-9170-A36D07A35744}.Debug|x86.ActiveCfg = Debug|Any CPU
		{265079BF-8D5E-4D60-9170-A36D07A35744}.Debug|x86.Build.0 = Debug|Any CPU
		{265079BF-8D5E-4D60-9170-A36D07A35744}.Release|x64.ActiveCfg = Release|Any CPU
		{265079BF-8D5E-4D60-9170-A36D07A35744}.Release|x64.Build.0 = Release|Any CPU
		{265079BF-8D5E-4D60-9170-A36D07A35744}.Release|Any CPU.ActiveCfg = Release|Any CPU
		{265079BF-8D5E-4D60-9170-A36D07A35744}.Release|Any CPU.Build.0 = Release|Any CPU
		{265079BF-8D5E-4D60-9170-A36D07A35744}.Release|x86.ActiveCfg = Release|Any CPU
		{265079BF-8D5E-4D60-9170-A36D07A35744}.Release|x86.Build.0 = Release|Any CPU
		{265079BF-8D5E-4D60-9170-A36D07A35744}.PreRelease|x64.ActiveCfg = PreRelease|Any CPU
		{265079BF-8D5E-4D60-9170-A36D07A35744}.PreRelease|x64.Build.0 = PreRelease|Any CPU
		{265079BF-8D5E-4D60-9170-A36D07A35744}.PreRelease|Any CPU.ActiveCfg = PreRelease|Any CPU
		{265079BF-8D5E-4D60-9170-A36D07A35744}.PreRelease|Any CPU.Build.0 = PreRelease|Any CPU
		{265079BF-8D5E-4D60-9170-A36D07A35744}.PreRelease|x86.ActiveCfg = PreRelease|Any CPU
		{265079BF-8D5E-4D60-9170-A36D07A35744}.PreRelease|x86.Build.0 = PreRelease|Any CPU
		{03BAD8BC-5F24-4CD9-AA6F-F922B2B14AA8}.Debug|x64.ActiveCfg = Debug|Any CPU
		{03BAD8BC-5F24-4CD9-AA6F-F922B2B14AA8}.Debug|x64.Build.0 = Debug|Any CPU
		{03BAD8BC-5F24-4CD9-AA6F-F922B2B14AA8}.Debug|Any CPU.ActiveCfg = Debug|Any CPU
		{03BAD8BC-5F24-4CD9-AA6F-F922B2B14AA8}.Debug|Any CPU.Build.0 = Debug|Any CPU
		{03BAD8BC-5F24-4CD9-AA6F-F922B2B14AA8}.Debug|x86.ActiveCfg = Debug|Any CPU
		{03BAD8BC-5F24-4CD9-AA6F-F922B2B14AA8}.Debug|x86.Build.0 = Debug|Any CPU
		{03BAD8BC-5F24-4CD9-AA6F-F922B2B14AA8}.Release|x64.ActiveCfg = Release|Any CPU
		{03BAD8BC-5F24-4CD9-AA6F-F922B2B14AA8}.Release|x64.Build.0 = Release|Any CPU
		{03BAD8BC-5F24-4CD9-AA6F-F922B2B14AA8}.Release|Any CPU.ActiveCfg = Release|Any CPU
		{03BAD8BC-5F24-4CD9-AA6F-F922B2B14AA8}.Release|Any CPU.Build.0 = Release|Any CPU
		{03BAD8BC-5F24-4CD9-AA6F-F922B2B14AA8}.Release|x86.ActiveCfg = Release|Any CPU
		{03BAD8BC-5F24-4CD9-AA6F-F922B2B14AA8}.Release|x86.Build.0 = Release|Any CPU
		{03BAD8BC-5F24-4CD9-AA6F-F922B2B14AA8}.PreRelease|x64.ActiveCfg = Debug|Any CPU
		{03BAD8BC-5F24-4CD9-AA6F-F922B2B14AA8}.PreRelease|x64.Build.0 = Debug|Any CPU
		{03BAD8BC-5F24-4CD9-AA6F-F922B2B14AA8}.PreRelease|Any CPU.ActiveCfg = Debug|Any CPU
		{03BAD8BC-5F24-4CD9-AA6F-F922B2B14AA8}.PreRelease|Any CPU.Build.0 = Debug|Any CPU
		{03BAD8BC-5F24-4CD9-AA6F-F922B2B14AA8}.PreRelease|x86.ActiveCfg = Debug|Any CPU
		{03BAD8BC-5F24-4CD9-AA6F-F922B2B14AA8}.PreRelease|x86.Build.0 = Debug|Any CPU
		{D4E5F6A7-B8C9-0D1E-F2A3-B4C5D6E7F8A9}.Debug|x64.ActiveCfg = Debug|Any CPU
		{D4E5F6A7-B8C9-0D1E-F2A3-B4C5D6E7F8A9}.Debug|x64.Build.0 = Debug|Any CPU
		{D4E5F6A7-B8C9-0D1E-F2A3-B4C5D6E7F8A9}.Debug|Any CPU.ActiveCfg = Debug|Any CPU
		{D4E5F6A7-B8C9-0D1E-F2A3-B4C5D6E7F8A9}.Debug|Any CPU.Build.0 = Debug|Any CPU
		{D4E5F6A7-B8C9-0D1E-F2A3-B4C5D6E7F8A9}.Debug|x86.ActiveCfg = Debug|Any CPU
		{D4E5F6A7-B8C9-0D1E-F2A3-B4C5D6E7F8A9}.Debug|x86.Build.0 = Debug|Any CPU
		{D4E5F6A7-B8C9-0D1E-F2A3-B4C5D6E7F8A9}.Release|x64.ActiveCfg = Release|Any CPU
		{D4E5F6A7-B8C9-0D1E-F2A3-B4C5D6E7F8A9}.Release|x64.Build.0 = Release|Any CPU
		{D4E5F6A7-B8C9-0D1E-F2A3-B4C5D6E7F8A9}.Release|Any CPU.ActiveCfg = Release|Any CPU
		{D4E5F6A7-B8C9-0D1E-F2A3-B4C5D6E7F8A9}.Release|Any CPU.Build.0 = Release|Any CPU
		{D4E5F6A7-B8C9-0D1E-F2A3-B4C5D6E7F8A9}.Release|x86.ActiveCfg = Release|Any CPU
		{D4E5F6A7-B8C9-0D1E-F2A3-B4C5D6E7F8A9}.Release|x86.Build.0 = Release|Any CPU
		{D4E5F6A7-B8C9-0D1E-F2A3-B4C5D6E7F8A9}.PreRelease|x64.ActiveCfg = Debug|Any CPU
		{D4E5F6A7-B8C9-0D1E-F2A3-B4C5D6E7F8A9}.PreRelease|x64.Build.0 = Debug|Any CPU
		{D4E5F6A7-B8C9-0D1E-F2A3-B4C5D6E7F8A9}.PreRelease|Any CPU.ActiveCfg = Debug|Any CPU
		{D4E5F6A7-B8C9-0D1E-F2A3-B4C5D6E7F8A9}.PreRelease|Any CPU.Build.0 = Debug|Any CPU
		{D4E5F6A7-B8C9-0D1E-F2A3-B4C5D6E7F8A9}.PreRelease|x86.ActiveCfg = Debug|Any CPU
		{D4E5F6A7-B8C9-0D1E-F2A3-B4C5D6E7F8A9}.PreRelease|x86.Build.0 = Debug|Any CPU
		{F3277B67-7F88-4FBB-BFAF-E2051554C381}.Debug|x64.ActiveCfg = Debug|Any CPU
		{F3277B67-7F88-4FBB-BFAF-E2051554C381}.Debug|x64.Build.0 = Debug|Any CPU
		{F3277B67-7F88-4FBB-BFAF-E2051554C381}.Debug|Any CPU.ActiveCfg = Debug|Any CPU
		{F3277B67-7F88-4FBB-BFAF-E2051554C381}.Debug|Any CPU.Build.0 = Debug|Any CPU
		{F3277B67-7F88-4FBB-BFAF-E2051554C381}.Debug|x86.ActiveCfg = Debug|Any CPU
		{F3277B67-7F88-4FBB-BFAF-E2051554C381}.Debug|x86.Build.0 = Debug|Any CPU
		{F3277B67-7F88-4FBB-BFAF-E2051554C381}.Release|x64.ActiveCfg = Release|Any CPU
		{F3277B67-7F88-4FBB-BFAF-E2051554C381}.Release|x64.Build.0 = Release|Any CPU
		{F3277B67-7F88-4FBB-BFAF-E2051554C381}.Release|Any CPU.ActiveCfg = Release|Any CPU
		{F3277B67-7F88-4FBB-BFAF-E2051554C381}.Release|Any CPU.Build.0 = Release|Any CPU
		{F3277B67-7F88-4FBB-BFAF-E2051554C381}.Release|x86.ActiveCfg = Release|Any CPU
		{F3277B67-7F88-4FBB-BFAF-E2051554C381}.Release|x86.Build.0 = Release|Any CPU
		{F3277B67-7F88-4FBB-BFAF-E2051554C381}.PreRelease|x64.ActiveCfg = Debug|Any CPU
		{F3277B67-7F88-4FBB-BFAF-E2051554C381}.PreRelease|x64.Build.0 = Debug|Any CPU
		{F3277B67-7F88-4FBB-BFAF-E2051554C381}.PreRelease|Any CPU.ActiveCfg = Debug|Any CPU
		{F3277B67-7F88-4FBB-BFAF-E2051554C381}.PreRelease|Any CPU.Build.0 = Debug|Any CPU
		{F3277B67-7F88-4FBB-BFAF-E2051554C381}.PreRelease|x86.ActiveCfg = Debug|Any CPU
		{F3277B67-7F88-4FBB-BFAF-E2051554C381}.PreRelease|x86.Build.0 = Debug|Any CPU
		{727DFE74-8391-42B7-A17D-F65733E69040}.Debug|x64.ActiveCfg = Debug|Any CPU
		{727DFE74-8391-42B7-A17D-F65733E69040}.Debug|x64.Build.0 = Debug|Any CPU
		{727DFE74-8391-42B7-A17D-F65733E69040}.Debug|Any CPU.ActiveCfg = Debug|Any CPU
		{727DFE74-8391-42B7-A17D-F65733E69040}.Debug|Any CPU.Build.0 = Debug|Any CPU
		{727DFE74-8391-42B7-A17D-F65733E69040}.Debug|x86.ActiveCfg = Debug|Any CPU
		{727DFE74-8391-42B7-A17D-F65733E69040}.Debug|x86.Build.0 = Debug|Any CPU
		{727DFE74-8391-42B7-A17D-F65733E69040}.Release|x64.ActiveCfg = Release|Any CPU
		{727DFE74-8391-42B7-A17D-F65733E69040}.Release|x64.Build.0 = Release|Any CPU
		{727DFE74-8391-42B7-A17D-F65733E69040}.Release|Any CPU.ActiveCfg = Release|Any CPU
		{727DFE74-8391-42B7-A17D-F65733E69040}.Release|Any CPU.Build.0 = Release|Any CPU
		{727DFE74-8391-42B7-A17D-F65733E69040}.Release|x86.ActiveCfg = Release|Any CPU
		{727DFE74-8391-42B7-A17D-F65733E69040}.Release|x86.Build.0 = Release|Any CPU
		{727DFE74-8391-42B7-A17D-F65733E69040}.PreRelease|x64.ActiveCfg = Debug|Any CPU
		{727DFE74-8391-42B7-A17D-F65733E69040}.PreRelease|x64.Build.0 = Debug|Any CPU
		{727DFE74-8391-42B7-A17D-F65733E69040}.PreRelease|Any CPU.ActiveCfg = Debug|Any CPU
		{727DFE74-8391-42B7-A17D-F65733E69040}.PreRelease|Any CPU.Build.0 = Debug|Any CPU
		{727DFE74-8391-42B7-A17D-F65733E69040}.PreRelease|x86.ActiveCfg = Debug|Any CPU
		{727DFE74-8391-42B7-A17D-F65733E69040}.PreRelease|x86.Build.0 = Debug|Any CPU
		{8A1B2C3D-4E5F-6071-8293-A4B5C6D7E8F9}.Debug|x64.ActiveCfg = Debug|Any CPU
		{8A1B2C3D-4E5F-6071-8293-A4B5C6D7E8F9}.Debug|x64.Build.0 = Debug|Any CPU
		{8A1B2C3D-4E5F-6071-8293-A4B5C6D7E8F9}.Debug|Any CPU.ActiveCfg = Debug|Any CPU
		{8A1B2C3D-4E5F-6071-8293-A4B5C6D7E8F9}.Debug|Any CPU.Build.0 = Debug|Any CPU
		{8A1B2C3D-4E5F-6071-8293-A4B5C6D7E8F9}.Debug|x86.ActiveCfg = Debug|Any CPU
		{8A1B2C3D-4E5F-6071-8293-A4B5C6D7E8F9}.Debug|x86.Build.0 = Debug|Any CPU
		{8A1B2C3D-4E5F-6071-8293-A4B5C6D7E8F9}.Release|x64.ActiveCfg = Release|Any CPU
		{8A1B2C3D-4E5F-6071-8293-A4B5C6D7E8F9}.Release|x64.Build.0 = Release|Any CPU
		{8A1B2C3D-4E5F-6071-8293-A4B5C6D7E8F9}.Release|Any CPU.ActiveCfg = Release|Any CPU
		{8A1B2C3D-4E5F-6071-8293-A4B5C6D7E8F9}.Release|Any CPU.Build.0 = Release|Any CPU
		{8A1B2C3D-4E5F-6071-8293-A4B5C6D7E8F9}.Release|x86.ActiveCfg = Release|Any CPU
		{8A1B2C3D-4E5F-6071-8293-A4B5C6D7E8F9}.Release|x86.Build.0 = Release|Any CPU
		{8A1B2C3D-4E5F-6071-8293-A4B5C6D7E8F9}.PreRelease|x64.ActiveCfg = Debug|Any CPU
		{8A1B2C3D-4E5F-6071-8293-A4B5C6D7E8F9}.PreRelease|x64.Build.0 = Debug|Any CPU
		{8A1B2C3D-4E5F-6071-8293-A4B5C6D7E8F9}.PreRelease|Any CPU.ActiveCfg = Debug|Any CPU
		{8A1B2C3D-4E5F-6071-8293-A4B5C6D7E8F9}.PreRelease|Any CPU.Build.0 = Debug|Any CPU
		{8A1B2C3D-4E5F-6071-8293-A4B5C6D7E8F9}.PreRelease|x86.ActiveCfg = Debug|Any CPU
		{8A1B2C3D-4E5F-6071-8293-A4B5C6D7E8F9}.PreRelease|x86.Build.0 = Debug|Any CPU
	EndGlobalSection
	GlobalSection(SolutionProperties) = preSolution
		HideSolutionNode = FALSE
	EndGlobalSection
EndGlobal
