{
  "version": 1,
  "dependencies": {
    "net10.0": {
      "Microsoft.CodeAnalysis.CSharp.Analyzer.Testing": {
        "type": "Direct",
        "requested": "[1.1.4, )",
        "resolved": "1.1.4",
        "contentHash": "7VhTi95r0MA4XtOHJZS7ZtLbjL8GGRjQYAa9h7gq2msyE9GaI9wOh/9Obw8ObPGIrGt0ii2KEWGILuwz9drcDQ==",
        "dependencies": {
          "Microsoft.CodeAnalysis.Analyzer.Testing": "[1.1.4]",
          "Microsoft.CodeAnalysis.CSharp.Workspaces": "1.0.1"
        }
      },
      "Microsoft.CodeAnalysis.CSharp.CodeFix.Testing": {
        "type": "Direct",
        "requested": "[1.1.4, )",
        "resolved": "1.1.4",
        "contentHash": "6UpQICoDkhXAUH1DL9we4iS/yNbs9OVanym45QeS5naiUzm5VJXXZnr+BUMd08hXwX4R4vSYi90QcmlkLOG8Gg==",
        "dependencies": {
          "Microsoft.CodeAnalysis.CSharp.Workspaces": "1.0.1",
          "Microsoft.CodeAnalysis.CodeFix.Testing": "[1.1.4]"
        }
      },
      "Microsoft.NET.Test.Sdk": {
        "type": "Direct",
        "requested": "[18.10.1, )",
        "resolved": "18.10.1",
        "contentHash": "SxCFvJE/2ltUQgCgv6+Ixagohw4sZc9hM7Wid2foaNM7paBscktoHLoRDz91fW8wbHG87Rg9Ku59/8PXumqUrA==",
        "dependencies": {
          "Microsoft.CodeCoverage": "18.10.1",
          "Microsoft.TestPlatform.TestHost": "18.10.1"
        }
      },
      "Microsoft.Testing.Extensions.CodeCoverage": {
        "type": "Direct",
        "requested": "[18.11.2, )",
        "resolved": "18.11.2",
        "contentHash": "bT6awBEUR+fjPpeLAN++4qx5q0sgA9SeJt6QfijnFFPxNSr68BYsYFMQH8L8kY6vMJd3fuvFAFBht4JtWQcWtQ==",
        "dependencies": {
          "Microsoft.DiaSymReader": "2.2.10",
          "Microsoft.Extensions.DependencyModel": "10.0.10",
          "Microsoft.Testing.Platform": "2.4.0"
        }
      },
      "xunit.runner.visualstudio": {
        "type": "Direct",
        "requested": "[4.0.0, )",
        "resolved": "4.0.0",
        "contentHash": "kzLFyBYUnoidpGOXvpNOfIo8C92gVgVR6X8ncHwhcrDYugiOut5rrhDkr0L3cWHd7J2pKXf6LgaeXoBBDlx1ag=="
      },
      "xunit.v3": {
        "type": "Direct",
        "requested": "[4.0.1, )",
        "resolved": "4.0.1",
        "contentHash": "KpDYf6jFjYfOchuRJOAXPOpwN03hLE1AF4kWzCUSnhr8JZMiGH4BT1YidCcm6BE1H4E90GyJzuKoCwXbg9PXmA==",
        "dependencies": {
          "xunit.v3.mtp-v2": "[4.0.1]"
        }
      },
      "DiffPlex": {
        "type": "Transitive",
        "resolved": "1.7.2",
        "contentHash": "qJEjdxEDBWSFZGB8paBB9HDeJXHGlHlOXeGX3kbTuXWuOsgv2iSAEOOzo5V1/B39Vcxr9IVVrNKewRcX+rsn4g=="
      },
      "Humanizer.Core": {
        "type": "Transitive",
        "resolved": "2.14.1",
        "contentHash": "lQKvtaTDOXnoVJ20ibTuSIOf2i0uO0MPbDhd1jm238I+U/2ZnRENj0cktKZhtchBMtCUSRQ5v4xBCUbKNmyVMw=="
      },
      "Microsoft.ApplicationInsights": {
        "type": "Transitive",
        "resolved": "2.23.0",
        "contentHash": "nWArUZTdU7iqZLycLKWe0TDms48KKGE6pONH2terYNa8REXiqixrMOkf1sk5DHGMaUTqONU2YkS4SAXBhLStgw=="
      },
      "Microsoft.Bcl.AsyncInterfaces": {
        "type": "Transitive",
        "resolved": "6.0.0",
        "contentHash": "UcSjPsst+DfAdJGVDsu346FX0ci0ah+lw3WRtn18NUwEqRt70HaOQ7lI72vy3+1LxtqI3T5GWwV39rQSrCzAeg=="
      },
      "Microsoft.CodeAnalysis.Analyzer.Testing": {
        "type": "Transitive",
        "resolved": "1.1.4",
        "contentHash": "IQoZbcXE7uVLngTtFFkSnh813ItZj4+nDfW7L0F1p9YaTlpefyL+poge3J1+eRSgreiFpBmTK4HI/kZhGJMVNg==",
        "dependencies": {
          "DiffPlex": "1.7.2",
          "Microsoft.CodeAnalysis.Workspaces.Common": "1.0.1",
          "Microsoft.VisualStudio.Composition": "16.1.8",
          "NuGet.Common": "7.0.3",
          "NuGet.Packaging": "7.0.3",
          "NuGet.Protocol": "7.0.3",
          "NuGet.Resolver": "7.0.3"
        }
      },
      "Microsoft.CodeAnalysis.CodeFix.Testing": {
        "type": "Transitive",
        "resolved": "1.1.4",
        "contentHash": "sOvisb7+jr8/vVku7vpfExqjzD8QyRlbWf6moypgQFaM85d6E/lOkDKNn+iCOIitgadboWEBa+4odt8KYvmteg==",
        "dependencies": {
          "Microsoft.CodeAnalysis.Analyzer.Testing": "[1.1.4]",
          "Microsoft.CodeAnalysis.Workspaces.Common": "1.0.1"
        }
      },
      "Microsoft.CodeAnalysis.Common": {
        "type": "Transitive",
        "resolved": "5.9.0",
        "contentHash": "IYaIaUWdIx539AReKZOBEqTskFusZfCh/wFSPilDvCn5Say8MegLw2LONcSIcVy+v3Gzv53qYBspgvBGSErfbQ==",
        "dependencies": {
          "Microsoft.CodeAnalysis.Analyzers": "5.9.0-1.26328.17"
        }
      },
      "Microsoft.CodeAnalysis.CSharp": {
        "type": "Transitive",
        "resolved": "5.9.0",
        "contentHash": "7JGDA0UT1+h7k9ZcA3rF4eFC8+QPq1xyYaXxag4p8r/zzPurEJxvdi7aM+MRL/SfP7XADXpWF/pl/eUYXOq/ww==",
        "dependencies": {
          "Microsoft.CodeAnalysis.Analyzers": "5.9.0-1.26328.17",
          "Microsoft.CodeAnalysis.Common": "[5.9.0]"
        }
      },
      "Microsoft.CodeAnalysis.CSharp.Workspaces": {
        "type": "Transitive",
        "resolved": "5.9.0",
        "contentHash": "D2zqK/k16fto0yMz0hcXMTkzOxEwMDJyA1mu/KXF9Befwz4zub3MpHQD8FeRxJtVSSsC3dQFYBw7zu7r/pfO7g==",
        "dependencies": {
          "Humanizer.Core": "2.14.1",
          "Microsoft.CodeAnalysis.Analyzers": "5.9.0-1.26328.17",
          "Microsoft.CodeAnalysis.CSharp": "[5.9.0]",
          "Microsoft.CodeAnalysis.Common": "[5.9.0]",
          "Microsoft.CodeAnalysis.Workspaces.Common": "[5.9.0]",
          "System.Composition": "10.0.1"
        }
      },
      "Microsoft.CodeAnalysis.Workspaces.Common": {
        "type": "Transitive",
        "resolved": "5.9.0",
        "contentHash": "1A6jz50NG4nOEW8tX5+h+MyHqjWL0mPGwrUdwu+OlTfyknLo0GfxSqj4zEks8uVUdHdo9v8Ir9dHxACf8iYNEA==",
        "dependencies": {
          "Humanizer.Core": "2.14.1",
          "Microsoft.CodeAnalysis.Analyzers": "5.9.0-1.26328.17",
          "Microsoft.CodeAnalysis.Common": "[5.9.0]",
          "System.Composition": "10.0.1"
        }
      },
      "Microsoft.CodeCoverage": {
        "type": "Transitive",
        "resolved": "18.10.1",
        "contentHash": "tV7tCyp/t+DuwQugLkCeUN7NBFFB4fEGRPr0gkMQ2nQgAvQQjmGlZZi1dsLzbyoe/A0mbnKybmkIh8qhT9p4Zw=="
      },
      "Microsoft.DiaSymReader": {
        "type": "Transitive",
        "resolved": "2.2.10",
        "contentHash": "zmGsm6b2y3STDa/Of7rdkkfTDV8VuGB8aCqIkLoJIQh5tL78K3zJ8OUyFKnfsaORXmGr9iOKwDkZfUjeXi+CwA=="
      },
      "Microsoft.Extensions.DependencyModel": {
        "type": "Transitive",
        "resolved": "10.0.10",
        "contentHash": "rfZA1RjR021RPqSmIPovfz2aOd79TGqJ9BengbjnzIISOVwjLmuSDnhCMmiY/1c6iYvGolQ1iNGzkav0u11XEA=="
      },
      "Microsoft.Testing.Extensions.Telemetry": {
        "type": "Transitive",
        "resolved": "2.4.0",
        "contentHash": "JeP1RFqBa11fWmBk8xEfZcMKr4rxWSyI6OZ+659V069CaMkTEOQBW2UdSSeNz3absOsygcn7JJkzerC4LGnZ9w==",
        "dependencies": {
          "Microsoft.ApplicationInsights": "2.23.0",
          "Microsoft.Testing.Platform": "[2.4.0, 3.0.0)"
        }
      },
      "Microsoft.Testing.Extensions.TrxReport.Abstractions": {
        "type": "Transitive",
        "resolved": "2.4.0",
        "contentHash": "uRb+4qM42dFDg4kWJZ2kFEcwESNVCRZJjItp5vETorN3rSJGysP617LqYirOcrCYmxg+obPreHMM5JcsNDKtBw==",
        "dependencies": {
          "Microsoft.Testing.Platform": "[2.4.0, 3.0.0)"
        }
      },
      "Microsoft.Testing.Platform": {
        "type": "Transitive",
        "resolved": "2.4.0",
        "contentHash": "dp1N3P1ujb0ztwFgqz2o/ItEvq+pm19/AiA+Xq7Zpcy7oPMcxDBZLYGtf0LlU1MveEBJuKVjZhI+LnkfcH/0jQ=="
      },
      "Microsoft.Testing.Platform.MSBuild": {
        "type": "Transitive",
        "resolved": "2.4.0",
        "contentHash": "qr5M6h16YHMJLFDcWELFVMMpGte2BUmveBZKT5YoBV+bmuJRPu9bv/Zqke4yQuOEKRNxoAETrG5jr+/6Rnr3Hg==",
        "dependencies": {
          "Microsoft.Testing.Platform": "[2.4.0, 3.0.0)"
        }
      },
      "Microsoft.TestPlatform.ObjectModel": {
        "type": "Transitive",
        "resolved": "18.10.1",
        "contentHash": "o+PuLDRVp1iwiVAPBADZItXgm9Ck23XtPhE4kZtZVi0uYnMiiz1Dx9Cjh75kJ+ijfqnORL3VOTOaQVKi0f/ixg=="
      },
      "Microsoft.TestPlatform.TestHost": {
        "type": "Transitive",
        "resolved": "18.10.1",
        "contentHash": "KYz2omqkoz9E2mWa4fdgT+Ycie1wi5968EmyJlusjlp87RxxtA2FvDm8tcBEYIDzLnkWGnsKjE4d13Z7/rxkQA==",
        "dependencies": {
          "Microsoft.TestPlatform.ObjectModel": "18.10.1"
        }
      },
      "Microsoft.VisualStudio.Composition": {
        "type": "Transitive",
        "resolved": "16.1.8",
        "contentHash": "N+thv3dcT7kjn0Xz3U0uBm2CH4uoaMvH8wC6Gy2HWx7HLNdEpqGoMraLyoBdizmypD1owLCJQIa2uKmWe4/o8A==",
        "dependencies": {
          "Microsoft.VisualStudio.Composition.NetFxAttributes": "16.1.8",
          "Microsoft.VisualStudio.Validation": "15.0.82",
          "System.Composition": "1.0.31"
        }
      },
      "Microsoft.VisualStudio.Composition.NetFxAttributes": {
        "type": "Transitive",
        "resolved": "16.1.8",
        "contentHash": "EbwZWTvdzit68qZSuTI8nd1PZ87pYjhpCwtsis8lrUKJ7XLdbE5rxY6YrY7OFze+YUsguzqZlNjX4Yn5nL9qBw==",
        "dependencies": {
          "System.ComponentModel.Composition": "4.5.0"
        }
      },
      "Microsoft.VisualStudio.Validation": {
        "type": "Transitive",
        "resolved": "15.0.82",
        "contentHash": "XwZyVCsHuEtnd6nYScJnA8XkXPzy4Ok0DV5/hqqAe5ccgOhJ6yap7Qh/sU/i6QxEzuYyECPYDQ7IOyEQ3yRQgQ=="
      },
      "Microsoft.Win32.Registry": {
        "type": "Transitive",
        "resolved": "5.0.0",
        "contentHash": "dDoKi0PnDz31yAyETfRntsLArTlVAVzUzCIvvEDsDsucrl33Dl8pIJG06ePTJTI3tGpeyHS9Cq7Foc/s4EeKcg=="
      },
      "Newtonsoft.Json": {
        "type": "Transitive",
        "resolved": "13.0.3",
        "contentHash": "HrC5BXdl00IP9zeV+0Z848QWPAoCr9P3bDEZguI+gkLcBKAOxix/tLEAAHC+UvDNPv4a2d18lOReHMOagPa+zQ=="
      },
      "NuGet.Common": {
        "type": "Transitive",
        "resolved": "7.0.3",
        "contentHash": "vFBP1TkmeFxUjOqlGn7M3QbZfsg+hyFcCUFy8hPCdmk9VPhFQPwUMH4zKZnd8Bf8x89CFnpRXb8EC6tmWfDgNA==",
        "dependencies": {
          "NuGet.Frameworks": "7.0.3"
        }
      },
      "NuGet.Configuration": {
        "type": "Transitive",
        "resolved": "7.0.3",
        "contentHash": "DZC5/eP6X0qDU4FK1X318nT9gBmjbBOQxphEFnn67B5kKi1/ODRANGOlnNn0tUkZDFtPtLl7gC6bfnf/cM7j5Q==",
        "dependencies": {
          "NuGet.Common": "7.0.3",
          "System.Security.Cryptography.ProtectedData": "9.0.6"
        }
      },
      "NuGet.Frameworks": {
        "type": "Transitive",
        "resolved": "7.0.3",
        "contentHash": "JsV24AwAS93mQhlJr1Fx9zGHO6dVkexYp8ZZoDuoIBLyN9KwPEZOqo2SJVq0k2EPYO2oomj96Ue2yrO0hMOHrw=="
      },
      "NuGet.Packaging": {
        "type": "Transitive",
        "resolved": "7.0.3",
        "contentHash": "eMdAeZU4ugSC5WwO2u9CcY+jBjt/E6YunQ25oO6M5mM5A5+5QM1AdfoZPtFfwCuIgb/tbY52ciGOAXpBAqLVDA==",
        "dependencies": {
          "Newtonsoft.Json": "13.0.3",
          "NuGet.Configuration": "7.0.3",
          "NuGet.Versioning": "7.0.3",
          "System.Security.Cryptography.Pkcs": "9.0.6"
        }
      },
      "NuGet.Protocol": {
        "type": "Transitive",
        "resolved": "7.0.3",
        "contentHash": "B9BwrQ0sOsSuCFijIL1LmX/hVVIhDf1WmI86neWak1yVvQ2r13TuFbMok6LXUM5htU8890XinB5ouE5hMHaxTA==",
        "dependencies": {
          "NuGet.Packaging": "7.0.3"
        }
      },
      "NuGet.Resolver": {
        "type": "Transitive",
        "resolved": "7.0.3",
        "contentHash": "3L5FNJmHSBhHQms7YKrrMjPn5Q1iTgi0Ws0nyYN0cPeGKpA4p4Ey3X9oWWqz9FspTI7IqiPEu79NB7ipBYafvw==",
        "dependencies": {
          "NuGet.Protocol": "7.0.3"
        }
      },
      "NuGet.Versioning": {
        "type": "Transitive",
        "resolved": "7.0.3",
        "contentHash": "jwZmJzau0kUTxUvtmjbEXyvhx0ui9wGPByDT8qV3qDSVK9rChgsSeZqb1Bybu258G9urdEcE9HqZCdRbi7h9BA=="
      },
      "System.ComponentModel.Composition": {
        "type": "Transitive",
        "resolved": "4.5.0",
        "contentHash": "+iB9FoZnfdqMEGq6np28X6YNSUrse16CakmIhV3h6PxEWt7jYxUN3Txs1D8MZhhf4QmyvK0F/EcIN0f4gGN0dA==",
        "dependencies": {
          "System.Security.Permissions": "4.5.0"
        }
      },
      "System.Composition": {
        "type": "Transitive",
        "resolved": "10.0.1",
        "contentHash": "DJkqaWQfho/ReTzKcZD3zJJ6K4GcS154k+T0UCPMBNIOZ2U/lNpyiiWZ6Etw0onWyTH1K+yhICsdmwA5xy2aPQ==",
        "dependencies": {
          "System.Composition.AttributedModel": "10.0.1",
          "System.Composition.Convention": "10.0.1",
          "System.Composition.Hosting": "10.0.1",
          "System.Composition.Runtime": "10.0.1",
          "System.Composition.TypedParts": "10.0.1"
        }
      },
      "System.Composition.AttributedModel": {
        "type": "Transitive",
        "resolved": "10.0.1",
        "contentHash": "mRxYvpCVPAeuLEk0c0kxWJVjbW1/HUoxCgYotOj9eDeQiYcTDOMdCQApsTrHYMN3pHBA8WoF00KGolG632Etaw=="
      },
      "System.Composition.Convention": {
        "type": "Transitive",
        "resolved": "10.0.1",
        "contentHash": "dYynUByfVBzYDheNPGxS8UN8AvG/4tXf/coSs1odHOyoh4etv1kad/FrLWLMq4f8NO49NV20Xu+0/y613woTUA==",
        "dependencies": {
          "System.Composition.AttributedModel": "10.0.1"
        }
      },
      "System.Composition.Hosting": {
        "type": "Transitive",
        "resolved": "10.0.1",
        "contentHash": "4UGmyBdKWEN1nkqspJlji/nV7XIVm6KGlOC2So0mtM/gKvaNgLz+tUkcbY+6Zpr7dr6ohX1S5yl0RLID5otRHw==",
        "dependencies": {
          "System.Composition.Runtime": "10.0.1"
        }
      },
      "System.Composition.Runtime": {
        "type": "Transitive",
        "resolved": "10.0.1",
        "contentHash": "TVfys1gnUIhmXuYfFzyez0fOkDyELe9UwlxYeVlq6FmqmWmt1ouF0OQJ+6ozkHbkaop7uBUaXw7Qb+/o0m+nMg=="
      },
      "System.Composition.TypedParts": {
        "type": "Transitive",
        "resolved": "10.0.1",
        "contentHash": "koSfjkdQZfgQr3SyiSIBboDn+GiR0vZ3x9Uek9FJbXK0w5AiATV8KrnMEP8B8OAlO+Y3zQf0CPCNzwH+VIYDKg==",
        "dependencies": {
          "System.Composition.AttributedModel": "10.0.1",
          "System.Composition.Hosting": "10.0.1",
          "System.Composition.Runtime": "10.0.1"
        }
      },
      "System.Security.AccessControl": {
        "type": "Transitive",
        "resolved": "6.0.1",
        "contentHash": "IQ4NXP/B3Ayzvw0rDQzVTYsCKyy0Jp9KI6aYcK7UnGVlR9+Awz++TIPCQtPYfLJfOpm8ajowMR09V7quD3sEHw=="
      },
      "System.Security.Cryptography.Pkcs": {
        "type": "Transitive",
        "resolved": "9.0.6",
        "contentHash": "Gny8p2mX0jc5rjh+PA4Gx5GG66sj2C+e+ro7+j/3IsKT/bmQ84tGRV+XKaG+5/CTCdwkSSKDWEQ1rJd0J5jE0Q=="
      },
      "System.Security.Cryptography.ProtectedData": {
        "type": "Transitive",
        "resolved": "9.0.6",
        "contentHash": "yErfw/3pZkJE/VKza/Cm5idTpIKOy/vsmVi59Ta5SruPVtubzxb8CtnE8tyUpzs5pr0Y28GUFfSVzAhCLN3F/Q=="
      },
      "System.Security.Permissions": {
        "type": "Transitive",
        "resolved": "4.5.0",
        "contentHash": "9gdyuARhUR7H+p5CjyUB/zPk7/Xut3wUSP8NJQB6iZr8L3XUXTMdoLeVAg9N4rqF8oIpE7MpdqHdDHQ7XgJe0g=="
      },
      "xunit.analyzers": {
        "type": "Transitive",
        "resolved": "2.1.0",
        "contentHash": "X7QXEcZQGz0G/HL4HUyK+aAvNa/IMGbOCnFIq4jD/Evktq12xANKwzOUr7b08vCmC1LXu/47qHWOdjm3KfaJ0A=="
      },
      "xunit.v3.assert": {
        "type": "Transitive",
        "resolved": "4.0.1",
        "contentHash": "nC7d3cY06Oo7hkdwWPZkBR0Ud75xNhgx0P7i0GmMMZC3puCGlc4szFiT30biH03IN/eDnr8h+nv3A1UD17bk/A=="
      },
      "xunit.v3.common": {
        "type": "Transitive",
        "resolved": "4.0.1",
        "contentHash": "Qf25TVdadDQYf9zVxSd7L9RNQhuP0jCUHmo96XTmIKLxGefylIEV63jRbXBPFzdXmV09TCdcurk+AQ9LiWS2Hg==",
        "dependencies": {
          "Microsoft.Bcl.AsyncInterfaces": "6.0.0"
        }
      },
      "xunit.v3.core.mtp-v2": {
        "type": "Transitive",
        "resolved": "4.0.1",
        "contentHash": "7qfTfrIfS2wybpSVyRLmhXHbSudD2eNw66LfukixmKsRCTcfvOrLsx0qGL/lObcEh3Z2F4SIXgoFnLIiB8yfjQ==",
        "dependencies": {
          "Microsoft.Testing.Extensions.Telemetry": "2.4.0",
          "Microsoft.Testing.Extensions.TrxReport.Abstractions": "2.4.0",
          "Microsoft.Testing.Platform": "2.4.0",
          "Microsoft.Testing.Platform.MSBuild": "2.4.0",
          "xunit.v3.extensibility.core": "[4.0.1]",
          "xunit.v3.runner.inproc.console": "[4.0.1]"
        }
      },
      "xunit.v3.extensibility.core": {
        "type": "Transitive",
        "resolved": "4.0.1",
        "contentHash": "J0d5OfFcp920nZxCRIvU14+TZhiSPQR0wvqEMZ3MRiJLPu1VmYlcRNkmcSW0i1DwkB81gAHc+fHUQf/cU64MYg==",
        "dependencies": {
          "xunit.v3.common": "[4.0.1]"
        }
      },
      "xunit.v3.mtp-v2": {
        "type": "Transitive",
        "resolved": "4.0.1",
        "contentHash": "s88KiWwDDYgOWV3A+ViJiqCe9cLU/Rt6Gb5TfOC7Abv/HKSoj4IHVPcOQk7jPt7HhZHHEts5IuaVpB30eO5B1w==",
        "dependencies": {
          "xunit.analyzers": "2.1.0",
          "xunit.v3.assert": "[4.0.1]",
          "xunit.v3.core.mtp-v2": "[4.0.1]"
        }
      },
      "xunit.v3.runner.common": {
        "type": "Transitive",
        "resolved": "4.0.1",
        "contentHash": "p9AyfBpj2e5Iws8B57SbLiSngg7mEdvegHInKR4T2cjt2mis9h8htVgCnmu//agZO4zri6p6VQOj5EkHHTy3gA==",
        "dependencies": {
          "Microsoft.Win32.Registry": "[5.0.0]",
          "System.Security.AccessControl": "[6.0.1]",
          "xunit.v3.common": "[4.0.1]"
        }
      },
      "xunit.v3.runner.inproc.console": {
        "type": "Transitive",
        "resolved": "4.0.1",
        "contentHash": "Hqwfd6ehMIhPmVWUQ2dgmknzuLFTWeyp8ES1q3D4YR5bQVyiXDcaIoaFwqAz2zgLr49WaW4Mz7VVncP7u/Q8/Q==",
        "dependencies": {
          "xunit.v3.extensibility.core": "[4.0.1]",
          "xunit.v3.runner.common": "[4.0.1]"
        }
      },
      "kaedephi.core.analyzers": {
        "type": "Project",
        "dependencies": {
          "Microsoft.CodeAnalysis.CSharp": "[5.9.0, )",
          "Microsoft.CodeAnalysis.CSharp.Workspaces": "[5.9.0, )"
        }
      }
    }
  }
}