{
  "version": 1,
  "dependencies": {
    "net10.0": {
      "JetBrains.Annotations": {
        "type": "Direct",
        "requested": "[2026.2.0, )",
        "resolved": "2026.2.0",
        "contentHash": "drvAEaI7Xf4wU6dx4UTB9MoZWXZlraaQ0qoeThPQ411FxNhId7QdUTukIC9I8aUHP0ycAaGwZNKqSvfOZQvUlg=="
      },
      "SkiaSharp": {
        "type": "Direct",
        "requested": "[4.152.1, )",
        "resolved": "4.152.1",
        "contentHash": "p3rj8SVoa+2Tmx1EITE4jIwCDPcYjwXdZ3c9yM6l9wNn6572hwxzrth6WOBK0iGnAoTGoJBZuZpy8wYjbov6sw==",
        "dependencies": {
          "SkiaSharp.NativeAssets.Win32": "4.152.1",
          "SkiaSharp.NativeAssets.macOS": "4.152.1"
        }
      },
      "SkiaSharp.NativeAssets.Linux": {
        "type": "Direct",
        "requested": "[4.152.1, )",
        "resolved": "4.152.1",
        "contentHash": "1bB3eedb+4ZcyWigUzxXCE7LrNOlmyAs1crGCnX8UEHKl0nHOmzDt3E0d53IIgiguS88RKeCPy1ArDXK5FoDCw=="
      },
      "SkiaSharp.NativeAssets.Win32": {
        "type": "Direct",
        "requested": "[4.152.1, )",
        "resolved": "4.152.1",
        "contentHash": "MLDP6XT8CHLHF6gZlpW06iswGNBlL/JB2+SKuSLz0Y0k1zzsfofNyUY6J6FC32A4/F67E9S8MwovRBL+ELw0lw=="
      },
      "Newtonsoft.Json": {
        "type": "Transitive",
        "resolved": "13.0.4",
        "contentHash": "pdgNNMai3zv51W5aq268sujXUyx7SNdE2bj1wZcWjAQrKMFZV260lbqYop1d2GM67JI1huLRwxo9ZqnfF/lC6A=="
      },
      "SkiaSharp.NativeAssets.macOS": {
        "type": "Transitive",
        "resolved": "4.152.1",
        "contentHash": "gKaE2zNHsPLjlA88ZClRNmtZlHNGEa/W4iPy5GpP1TtUELIXzrSr2udCbl1GWYFuCdA36IycBk5YhUuK1xi9UA=="
      },
      "kaedephi.core": {
        "type": "Project",
        "dependencies": {
          "JetBrains.Annotations": "[2026.2.0, )",
          "Newtonsoft.Json": "[13.0.4, )"
        }
      }
    },
    "net8.0": {
      "JetBrains.Annotations": {
        "type": "Direct",
        "requested": "[2026.2.0, )",
        "resolved": "2026.2.0",
        "contentHash": "drvAEaI7Xf4wU6dx4UTB9MoZWXZlraaQ0qoeThPQ411FxNhId7QdUTukIC9I8aUHP0ycAaGwZNKqSvfOZQvUlg=="
      },
      "SkiaSharp": {
        "type": "Direct",
        "requested": "[4.152.1, )",
        "resolved": "4.152.1",
        "contentHash": "p3rj8SVoa+2Tmx1EITE4jIwCDPcYjwXdZ3c9yM6l9wNn6572hwxzrth6WOBK0iGnAoTGoJBZuZpy8wYjbov6sw==",
        "dependencies": {
          "SkiaSharp.NativeAssets.Win32": "4.152.1",
          "SkiaSharp.NativeAssets.macOS": "4.152.1"
        }
      },
      "SkiaSharp.NativeAssets.Linux": {
        "type": "Direct",
        "requested": "[4.152.1, )",
        "resolved": "4.152.1",
        "contentHash": "1bB3eedb+4ZcyWigUzxXCE7LrNOlmyAs1crGCnX8UEHKl0nHOmzDt3E0d53IIgiguS88RKeCPy1ArDXK5FoDCw=="
      },
      "SkiaSharp.NativeAssets.Win32": {
        "type": "Direct",
        "requested": "[4.152.1, )",
        "resolved": "4.152.1",
        "contentHash": "MLDP6XT8CHLHF6gZlpW06iswGNBlL/JB2+SKuSLz0Y0k1zzsfofNyUY6J6FC32A4/F67E9S8MwovRBL+ELw0lw=="
      },
      "Newtonsoft.Json": {
        "type": "Transitive",
        "resolved": "13.0.4",
        "contentHash": "pdgNNMai3zv51W5aq268sujXUyx7SNdE2bj1wZcWjAQrKMFZV260lbqYop1d2GM67JI1huLRwxo9ZqnfF/lC6A=="
      },
      "SkiaSharp.NativeAssets.macOS": {
        "type": "Transitive",
        "resolved": "4.152.1",
        "contentHash": "gKaE2zNHsPLjlA88ZClRNmtZlHNGEa/W4iPy5GpP1TtUELIXzrSr2udCbl1GWYFuCdA36IycBk5YhUuK1xi9UA=="
      },
      "kaedephi.core": {
        "type": "Project",
        "dependencies": {
          "JetBrains.Annotations": "[2026.2.0, )",
          "Newtonsoft.Json": "[13.0.4, )"
        }
      }
    }
  }
}